{"imports":{"hello":"0.8.0"},"packages":{"@gd/hello@0.8.0":{"sha256":"e9e3184739be9e5ffc9a01ba5a247f428d3261bc90d00caec0994c7dea1c9a9b","url":"https://github.com/prog-sha/gd-pkgs/releases/download/0.8.0/e9e3184739be9e5ffc9a01ba5a247f428d3261bc90d00caec0994c7dea1c9a9b","size":181,"files":{"mod.gd":{"size":181,"sha256":"e9e3184739be9e5ffc9a01ba5a247f428d3261bc90d00caec0994c7dea1c9a9b"},"README.md":{"size":745,"sha256":"e7b6f976dd4334036d7035efb72b3168109b9c4ad6ac9ee71338573726f83e2b"},"LICENSE.txt":{"size":1068,"sha256":"5f3bdd42c8d37a189e97c7e612f3b2e9dd85c9f15d1eb671b93e060084a1f8ab"},"NOTICE.md":{"size":394,"sha256":"14da52ef2f5d2b1a1f7cad50488872e06cb4c6204b8a763619134d456c84fee4"}},"files_url":"https://github.com/prog-sha/gd-pkgs/releases/download/0.8.0","leaf":"mod.gd","imports":{},"requires":{}}},"registry":"https://gd.progsha.com/pkg","requests":{"hello":"gd:@gd/hello@0.8.0"}}
